
Microsoft Visual Studio Solution File, Format Version 12.00
# Visual Studio Version 16
VisualStudioVersion = 16.0.31729.503
MinimumVisualStudioVersion = 10.0.40219.1
Project("{FAE04EC0-301F-11D3-BF4B-00C04F79EFBC}") = "DataAccess", "DataAccess\DataAccess.csproj", "{8A958233-68E9-47E5-A524-43577333E782}"
EndProject
Project("{FAE04EC0-301F-11D3-BF4B-00C04F79EFBC}") = "Business", "Business\Business.csproj", "{8AEC99DA-D892-4182-993F-E969D907D5B5}"
EndProject
Project("{FAE04EC0-301F-11D3-BF4B-00C04F79EFBC}") = "Console_UI", "Console_UI\Console_UI.csproj", "{26F25796-9038-4C2D-836F-900AF1706882}"
EndProject
Project("{FAE04EC0-301F-11D3-BF4B-00C04F79EFBC}") = "Entities", "Entities\Entities.csproj", "{4DB38ECB-AD73-4DB8-B80A-A92C965B04B6}"
EndProject
Global
	GlobalSection(SolutionConfigurationPlatforms) = preSolution
		Debug|Any CPU = Debug|Any CPU
		Release|Any CPU = Release|Any CPU
	EndGlobalSection
	GlobalSection(ProjectConfigurationPlatforms) = postSolution
		{8A958233-68E9-47E5-A524-43577333E782}.Debug|Any CPU.ActiveCfg = Debug|Any CPU
		{8A958233-68E9-47E5-A524-43577333E782}.Debug|Any CPU.Build.0 = Debug|Any CPU
		{8A958233-68E9-47E5-A524-43577333E782}.Release|Any CPU.ActiveCfg = Release|Any CPU
		{8A958233-68E9-47E5-A524-43577333E782}.Release|Any CPU.Build.0 = Release|Any CPU
		{8AEC99DA-D892-4182-993F-E969D907D5B5}.Debug|Any CPU.ActiveCfg = Debug|Any CPU
		{8AEC99DA-D892-4182-993F-E969D907D5B5}.Debug|Any CPU.Build.0 = Debug|Any CPU
		{8AEC99DA-D892-4182-993F-E969D907D5B5}.Release|Any CPU.ActiveCfg = Release|Any CPU
		{8AEC99DA-D892-4182-993F-E969D907D5B5}.Release|Any CPU.Build.0 = Release|Any CPU
		{26F25796-9038-4C2D-836F-900AF1706882}.Debug|Any CPU.ActiveCfg = Debug|Any CPU
		{26F25796-9038-4C2D-836F-900AF1706882}.Debug|Any CPU.Build.0 = Debug|Any CPU
		{26F25796-9038-4C2D-836F-900AF1706882}.Release|Any CPU.ActiveCfg = Release|Any CPU
		{26F25796-9038-4C2D-836F-900AF1706882}.Release|Any CPU.Build.0 = Release|Any CPU
		{4DB38ECB-AD73-4DB8-B80A-A92C965B04B6}.Debug|Any CPU.ActiveCfg = Debug|Any CPU
		{4DB38ECB-AD73-4DB8-B80A-A92C965B04B6}.Debug|Any CPU.Build.0 = Debug|Any CPU
		{4DB38ECB-AD73-4DB8-B80A-A92C965B04B6}.Release|Any CPU.ActiveCfg = Release|Any CPU
		{4DB38ECB-AD73-4DB8-B80A-A92C965B04B6}.Release|Any CPU.Build.0 = Release|Any CPU
	EndGlobalSection
	GlobalSection(SolutionProperties) = preSolution
		HideSolutionNode = FALSE
	EndGlobalSection
	GlobalSection(ExtensibilityGlobals) = postSolution
		SolutionGuid = {9A5414A8-EDCE-4C8A-AC1B-C5B0C73E3D68}
	EndGlobalSection
EndGlobal
